// !$*UTF8*$!
{
	archiveVersion = 1;
	classes = {
	};
	objectVersion = 46;
	objects = {

/* Begin PBXBuildFile section */
		D0A864561E42C856002E8E3D /* AppDelegate.swift in Sources */ = {isa = PBXBuildFile; fileRef = D0A864551E42C856002E8E3D /* AppDelegate.swift */; };
		D0A864581E42C856002E8E3D /* ViewController.swift in Sources */ = {isa = PBXBuildFile; fileRef = D0A864571E42C856002E8E3D /* ViewController.swift */; };
		D0A8645B1E42C856002E8E3D /* Main.storyboard in Resources */ = {isa = PBXBuildFile; fileRef = D0A864591E42C856002E8E3D /* Main.storyboard */; };
		D0A8645D1E42C856002E8E3D /* Assets.xcassets in Resources */ = {isa = PBXBuildFile; fileRef = D0A8645C1E42C856002E8E3D /* Assets.xcassets */; };
		D0A864601E42C856002E8E3D /* LaunchScreen.storyboard in Resources */ = {isa = PBXBuildFile; fileRef = D0A8645E1E42C856002E8E3D /* LaunchScreen.storyboard */; };
		D0A8646B1E42C856002E8E3D /* TabooTests.swift in Sources */ = {isa = PBXBuildFile; fileRef = D0A8646A1E42C856002E8E3D /* TabooTests.swift */; };
		D0A864761E42C856002E8E3D /* TabooUITests.swift in Sources */ = {isa = PBXBuildFile; fileRef = D0A864751E42C856002E8E3D /* TabooUITests.swift */; };
/* End PBXBuildFile section */

/* Begin PBXContainerItemProxy section */
		D0A864671E42C856002E8E3D /* PBXContainerItemProxy */ = {
			isa = PBXContainerItemProxy;
			containerPortal = D0A8644A1E42C856002E8E3D /* Project object */;
			proxyType = 1;
			remoteGlobalIDString = D0A864511E42C856002E8E3D;
			remoteInfo = Taboo;
		};
		D0A864721E42C856002E8E3D /* PBXContainerItemProxy */ = {
			isa = PBXContainerItemProxy;
			containerPortal = D0A8644A1E42C856002E8E3D /* Project object */;
			proxyType = 1;
			remoteGlobalIDString = D0A864511E42C856002E8E3D;
			remoteInfo = Taboo;
		};
/* End PBXContainerItemProxy section */

/* Begin PBXFileReference section */
		D0A864521E42C856002E8E3D /* Taboo.app */ = {isa = PBXFileReference; explicitFileType = wrapper.application; includeInIndex = 0; path = Taboo.app; sourceTree = BUILT_PRODUCTS_DIR; };
		D0A864551E42C856002E8E3D /* AppDelegate.swift */ = {isa = PBXFileReference; lastKnownFileType = sourcecode.swift; path = AppDelegate.swift; sourceTree = "<group>"; };
		D0A864571E42C856002E8E3D /* ViewController.swift */ = {isa = PBXFileReference; lastKnownFileType = sourcecode.swift; path = ViewController.swift; sourceTree = "<group>"; };
		D0A8645A1E42C856002E8E3D /* Base */ = {isa = PBXFileReference; lastKnownFileType = file.storyboard; name = Base; path = Base.lproj/Main.storyboard; sourceTree = "<group>"; };
		D0A8645C1E42C856002E8E3D /* Assets.xcassets */ = {isa = PBXFileReference; lastKnownFileType = folder.assetcatalog; path = Assets.xcassets; sourceTree = "<group>"; };
		D0A8645F1E42C856002E8E3D /* Base */ = {isa = PBXFileReference; lastKnownFileType = file.storyboard; name = Base; path = Base.lproj/LaunchScreen.storyboard; sourceTree = "<group>"; };
		D0A864611E42C856002E8E3D /* Info.plist */ = {isa = PBXFileReference; lastKnownFileType = text.plist.xml; path = Info.plist; sourceTree = "<group>"; };
		D0A864661E42C856002E8E3D /* TabooTests.xctest */ = {isa = PBXFileReference; explicitFileType = wrapper.cfbundle; includeInIndex = 0; path = TabooTests.xctest; sourceTree = BUILT_PRODUCTS_DIR; };
		D0A8646A1E42C856002E8E3D /* TabooTests.swift */ = {isa = PBXFileReference; lastKnownFileType = sourcecode.swift; path = TabooTests.swift; sourceTree = "<group>"; };
		D0A8646C1E42C856002E8E3D /* Info.plist */ = {isa = PBXFileReference; lastKnownFileType = text.plist.xml; path = Info.plist; sourceTree = "<group>"; };
		D0A864711E42C856002E8E3D /* TabooUITests.xctest */ = {isa = PBXFileReference; explicitFileType = wrapper.cfbundle; includeInIndex = 0; path = TabooUITests.xctest; sourceTree = BUILT_PRODUCTS_DIR; };
		D0A864751E42C856002E8E3D /* TabooUITests.swift */ = {isa = PBXFileReference; lastKnownFileType = sourcecode.swift; path = TabooUITests.swift; sourceTree = "<group>"; };
		D0A864771E42C856002E8E3D /* Info.plist */ = {isa = PBXFileReference; lastKnownFileType = text.plist.xml; path = Info.plist; sourceTree = "<group>"; };
/* End PBXFileReference section */

/* Begin PBXFrameworksBuildPhase section */
		D0A8644F1E42C856002E8E3D /* Frameworks */ = {
			isa = PBXFrameworksBuildPhase;
			buildActionMask = 2147483647;
			files = (
			);
			runOnlyForDeploymentPostprocessing = 0;
		};
		D0A864631E42C856002E8E3D /* Frameworks */ = {
			isa = PBXFrameworksBuildPhase;
			buildActionMask = 2147483647;
			files = (
			);
			runOnlyForDeploymentPostprocessing = 0;
		};
		D0A8646E1E42C856002E8E3D /* Frameworks */ = {
			isa = PBXFrameworksBuildPhase;
			buildActionMask = 2147483647;
			files = (
			);
			runOnlyForDeploymentPostprocessing = 0;
		};
/* End PBXFrameworksBuildPhase section */

/* Begin PBXGroup section */
		D0A864491E42C856002E8E3D = {
			isa = PBXGroup;
			children = (
				D0A864541E42C856002E8E3D /* Taboo */,
				D0A864691E42C856002E8E3D /* TabooTests */,
				D0A864741E42C856002E8E3D /* TabooUITests */,
				D0A864531E42C856002E8E3D /* Products */,
			);
			sourceTree = "<group>";
		};
		D0A864531E42C856002E8E3D /* Products */ = {
			isa = PBXGroup;
			children = (
				D0A864521E42C856002E8E3D /* Taboo.app */,
				D0A864661E42C856002E8E3D /* TabooTests.xctest */,
				D0A864711E42C856002E8E3D /* TabooUITests.xctest */,
			);
			name = Products;
			sourceTree = "<group>";
		};
		D0A864541E42C856002E8E3D /* Taboo */ = {
			isa = PBXGroup;
			children = (
				D0A864551E42C856002E8E3D /* AppDelegate.swift */,
				D0A864571E42C856002E8E3D /* ViewController.swift */,
				D0A864591E42C856002E8E3D /* Main.storyboard */,
				D0A8645C1E42C856002E8E3D /* Assets.xcassets */,
				D0A8645E1E42C856002E8E3D /* LaunchScreen.storyboard */,
				D0A864611E42C856002E8E3D /* Info.plist */,
			);
			path = Taboo;
			sourceTree = "<group>";
		};
		D0A864691E42C856002E8E3D /* TabooTests */ = {
			isa = PBXGroup;
			children = (
				D0A8646A1E42C856002E8E3D /* TabooTests.swift */,
				D0A8646C1E42C856002E8E3D /* Info.plist */,
			);
			path = TabooTests;
			sourceTree = "<group>";
		};
		D0A864741E42C856002E8E3D /* TabooUITests */ = {
			isa = PBXGroup;
			children = (
				D0A864751E42C856002E8E3D /* TabooUITests.swift */,
				D0A864771E42C856002E8E3D /* Info.plist */,
			);
			path = TabooUITests;
			sourceTree = "<group>";
		};
/* End PBXGroup section */

/* Begin PBXNativeTarget section */
		D0A864511E42C856002E8E3D /* Taboo */ = {
			isa = PBXNativeTarget;
			buildConfigurationList = D0A8647A1E42C856002E8E3D /* Build configuration list for PBXNativeTarget "Taboo" */;
			buildPhases = (
				D0A8644E1E42C856002E8E3D /* Sources */,
				D0A8644F1E42C856002E8E3D /* Frameworks */,
				D0A864501E42C856002E8E3D /* Resources */,
			);
			buildRules = (
			);
			dependencies = (
			);
			name = Taboo;
			productName = Taboo;
			productReference = D0A864521E42C856002E8E3D /* Taboo.app */;
			productType = "com.apple.product-type.application";
		};
		D0A864651E42C856002E8E3D /* TabooTests */ = {
			isa = PBXNativeTarget;
			buildConfigurationList = D0A8647D1E42C856002E8E3D /* Build configuration list for PBXNativeTarget "TabooTests" */;
			buildPhases = (
				D0A864621E42C856002E8E3D /* Sources */,
				D0A864631E42C856002E8E3D /* Frameworks */,
				D0A864641E42C856002E8E3D /* Resources */,
			);
			buildRules = (
			);
			dependencies = (
				D0A864681E42C856002E8E3D /* PBXTargetDependency */,
			);
			name = TabooTests;
			productName = TabooTests;
			productReference = D0A864661E42C856002E8E3D /* TabooTests.xctest */;
			productType = "com.apple.product-type.bundle.unit-test";
		};
		D0A864701E42C856002E8E3D /* TabooUITests */ = {
			isa = PBXNativeTarget;
			buildConfigurationList = D0A864801E42C856002E8E3D /* Build configuration list for PBXNativeTarget "TabooUITests" */;
			buildPhases = (
				D0A8646D1E42C856002E8E3D /* Sources */,
				D0A8646E1E42C856002E8E3D /* Frameworks */,
				D0A8646F1E42C856002E8E3D /* Resources */,
			);
			buildRules = (
			);
			dependencies = (
				D0A864731E42C856002E8E3D /* PBXTargetDependency */,
			);
			name = TabooUITests;
			productName = TabooUITests;
			productReference = D0A864711E42C856002E8E3D /* TabooUITests.xctest */;
			productType = "com.apple.product-type.bundle.ui-testing";
		};
/* End PBXNativeTarget section */

/* Begin PBXProject section */
		D0A8644A1E42C856002E8E3D /* Project object */ = {
			isa = PBXProject;
			attributes = {
				LastSwiftUpdateCheck = 0800;
				LastUpgradeCheck = 0800;
				ORGANIZATIONNAME = "Peter Girouard";
				TargetAttributes = {
					D0A864511E42C856002E8E3D = {
						CreatedOnToolsVersion = 8.0;
						DevelopmentTeam = XCR8FCM98L;
						ProvisioningStyle = Automatic;
					};
					D0A864651E42C856002E8E3D = {
						CreatedOnToolsVersion = 8.0;
						DevelopmentTeam = XCR8FCM98L;
						ProvisioningStyle = Automatic;
						TestTargetID = D0A864511E42C856002E8E3D;
					};
					D0A864701E42C856002E8E3D = {
						CreatedOnToolsVersion = 8.0;
						DevelopmentTeam = XCR8FCM98L;
						ProvisioningStyle = Automatic;
						TestTargetID = D0A864511E42C856002E8E3D;
					};
				};
			};
			buildConfigurationList = D0A8644D1E42C856002E8E3D /* Build configuration list for PBXProject "Taboo" */;
			compatibilityVersion = "Xcode 3.2";
			developmentRegion = English;
			hasScannedForEncodings = 0;
			knownRegions = (
				en,
				Base,
			);
			mainGroup = D0A864491E42C856002E8E3D;
			productRefGroup = D0A864531E42C856002E8E3D /* Products */;
			projectDirPath = "";
			projectRoot = "";
			targets = (
				D0A864511E42C856002E8E3D /* Taboo */,
				D0A864651E42C856002E8E3D /* TabooTests */,
				D0A864701E42C856002E8E3D /* TabooUITests */,
			);
		};
/* End PBXProject section */

/* Begin PBXResourcesBuildPhase section */
		D0A864501E42C856002E8E3D /* Resources */ = {
			isa = PBXResourcesBuildPhase;
			buildActionMask = 2147483647;
			files = (
				D0A864601E42C856002E8E3D /* LaunchScreen.storyboard in Resources */,
				D0A8645D1E42C856002E8E3D /* Assets.xcassets in Resources */,
				D0A8645B1E42C856002E8E3D /* Main.storyboard in Resources */,
			);
			runOnlyForDeploymentPostprocessing = 0;
		};
		D0A864641E42C856002E8E3D /* Resources */ = {
			isa = PBXResourcesBuildPhase;
			buildActionMask = 2147483647;
			files = (
			);
			runOnlyForDeploymentPostprocessing = 0;
		};
		D0A8646F1E42C856002E8E3D /* Resources */ = {
			isa = PBXResourcesBuildPhase;
			buildActionMask = 2147483647;
			files = (
			);
			runOnlyForDeploymentPostprocessing = 0;
		};
/* End PBXResourcesBuildPhase section */

/* Begin PBXSourcesBuildPhase section */
		D0A8644E1E42C856002E8E3D /* Sources */ = {
			isa = PBXSourcesBuildPhase;
			buildActionMask = 2147483647;
			files = (
				D0A864581E42C856002E8E3D /* ViewController.swift in Sources */,
				D0A864561E42C856002E8E3D /* AppDelegate.swift in Sources */,
			);
			runOnlyForDeploymentPostprocessing = 0;
		};
		D0A864621E42C856002E8E3D /* Sources */ = {
			isa = PBXSourcesBuildPhase;
			buildActionMask = 2147483647;
			files = (
				D0A8646B1E42C856002E8E3D /* TabooTests.swift in Sources */,
			);
			runOnlyForDeploymentPostprocessing = 0;
		};
		D0A8646D1E42C856002E8E3D /* Sources */ = {
			isa = PBXSourcesBuildPhase;
			buildActionMask = 2147483647;
			files = (
				D0A864761E42C856002E8E3D /* TabooUITests.swift in Sources */,
			);
			runOnlyForDeploymentPostprocessing = 0;
		};
/* End PBXSourcesBuildPhase section */

/* Begin PBXTargetDependency section */
		D0A864681E42C856002E8E3D /* PBXTargetDependency */ = {
			isa = PBXTargetDependency;
			target = D0A864511E42C856002E8E3D /* Taboo */;
			targetProxy = D0A864671E42C856002E8E3D /* PBXContainerItemProxy */;
		};
		D0A864731E42C856002E8E3D /* PBXTargetDependency */ = {
			isa = PBXTargetDependency;
			target = D0A864511E42C856002E8E3D /* Taboo */;
			targetProxy = D0A864721E42C856002E8E3D /* PBXContainerItemProxy */;
		};
/* End PBXTargetDependency section */

/* Begin PBXVariantGroup section */
		D0A864591E42C856002E8E3D /* Main.storyboard */ = {
			isa = PBXVariantGroup;
			children = (
				D0A8645A1E42C856002E8E3D /* Base */,
			);
			name = Main.storyboard;
			sourceTree = "<group>";
		};
		D0A8645E1E42C856002E8E3D /* LaunchScreen.storyboard */ = {
			isa = PBXVariantGroup;
			children = (
				D0A8645F1E42C856002E8E3D /* Base */,
			);
			name = LaunchScreen.storyboard;
			sourceTree = "<group>";
		};
/* End PBXVariantGroup section */

/* Begin XCBuildConfiguration section */
		D0A864781E42C856002E8E3D /* Debug */ = {
			isa = XCBuildConfiguration;
			buildSettings = {
				ALWAYS_SEARCH_USER_PATHS = NO;
				CLANG_ANALYZER_NONNULL = YES;
				CLANG_CXX_LANGUAGE_STANDARD = "gnu++0x";
				CLANG_CXX_LIBRARY = "libc++";
				CLANG_ENABLE_MODULES = YES;
				CLANG_ENABLE_OBJC_ARC = YES;
				CLANG_WARN_BOOL_CONVERSION = YES;
				CLANG_WARN_CONSTANT_CONVERSION = YES;
				CLANG_WARN_DIRECT_OBJC_ISA_USAGE = YES_ERROR;
				CLANG_WARN_DOCUMENTATION_COMMENTS = YES;
				CLANG_WARN_EMPTY_BODY = YES;
				CLANG_WARN_ENUM_CONVERSION = YES;
				CLANG_WARN_INFINITE_RECURSION = YES;
				CLANG_WARN_INT_CONVERSION = YES;
				CLANG_WARN_OBJC_ROOT_CLASS = YES_ERROR;
				CLANG_WARN_SUSPICIOUS_MOVES = YES;
				CLANG_WARN_UNREACHABLE_CODE = YES;
				CLANG_WARN__DUPLICATE_METHOD_MATCH = YES;
				"CODE_SIGN_IDENTITY[sdk=iphoneos*]" = "iPhone Developer";
				COPY_PHASE_STRIP = NO;
				DEBUG_INFORMATION_FORMAT = dwarf;
				ENABLE_STRICT_OBJC_MSGSEND = YES;
				ENABLE_TESTABILITY = YES;
				GCC_C_LANGUAGE_STANDARD = gnu99;
				GCC_DYNAMIC_NO_PIC = NO;
				GCC_NO_COMMON_BLOCKS = YES;
				GCC_OPTIMIZATION_LEVEL = 0;
				GCC_PREPROCESSOR_DEFINITIONS = (
					"DEBUG=1",
					"$(inherited)",
				);
				GCC_WARN_64_TO_32_BIT_CONVERSION = YES;
				GCC_WARN_ABOUT_RETURN_TYPE = YES_ERROR;
				GCC_WARN_UNDECLARED_SELECTOR = YES;
				GCC_WARN_UNINITIALIZED_AUTOS = YES_AGGRESSIVE;
				GCC_WARN_UNUSED_FUNCTION = YES;
				GCC_WARN_UNUSED_VARIABLE = YES;
				IPHONEOS_DEPLOYMENT_TARGET = 10.0;
				MTL_ENABLE_DEBUG_INFO = YES;
				ONLY_ACTIVE_ARCH = YES;
				SDKROOT = iphoneos;
				SWIFT_ACTIVE_COMPILATION_CONDITIONS = DEBUG;
				SWIFT_OPTIMIZATION_LEVEL = "-Onone";
				TARGETED_DEVICE_FAMILY = "1,2";
			};
			name = Debug;
		};
		D0A864791E42C856002E8E3D /* Release */ = {
			isa = XCBuildConfiguration;
			buildSettings = {
				ALWAYS_SEARCH_USER_PATHS = NO;
				CLANG_ANALYZER_NONNULL = YES;
				CLANG_CXX_LANGUAGE_STANDARD = "gnu++0x";
				CLANG_CXX_LIBRARY = "libc++";
				CLANG_ENABLE_MODULES = YES;
				CLANG_ENABLE_OBJC_ARC = YES;
				CLANG_WARN_BOOL_CONVERSION = YES;
				CLANG_WARN_CONSTANT_CONVERSION = YES;
				CLANG_WARN_DIRECT_OBJC_ISA_USAGE = YES_ERROR;
				CLANG_WARN_DOCUMENTATION_COMMENTS = YES;
				CLANG_WARN_EMPTY_BODY = YES;
				CLANG_WARN_ENUM_CONVERSION = YES;
				CLANG_WARN_INFINITE_RECURSION = YES;
				CLANG_WARN_INT_CONVERSION = YES;
				CLANG_WARN_OBJC_ROOT_CLASS = YES_ERROR;
				CLANG_WARN_SUSPICIOUS_MOVES = YES;
				CLANG_WARN_UNREACHABLE_CODE = YES;
				CLANG_WARN__DUPLICATE_METHOD_MATCH = YES;
				"CODE_SIGN_IDENTITY[sdk=iphoneos*]" = "iPhone Developer";
				COPY_PHASE_STRIP = NO;
				DEBUG_INFORMATION_FORMAT = "dwarf-with-dsym";
				ENABLE_NS_ASSERTIONS = NO;
				ENABLE_STRICT_OBJC_MSGSEND = YES;
				GCC_C_LANGUAGE_STANDARD = gnu99;
				GCC_NO_COMMON_BLOCKS = YES;
				GCC_WARN_64_TO_32_BIT_CONVERSION = YES;
				GCC_WARN_ABOUT_RETURN_TYPE = YES_ERROR;
				GCC_WARN_UNDECLARED_SELECTOR = YES;
				GCC_WARN_UNINITIALIZED_AUTOS = YES_AGGRESSIVE;
				GCC_WARN_UNUSED_FUNCTION = YES;
				GCC_WARN_UNUSED_VARIABLE = YES;
				IPHONEOS_DEPLOYMENT_TARGET = 10.0;
				MTL_ENABLE_DEBUG_INFO = NO;
				SDKROOT = iphoneos;
				SWIFT_OPTIMIZATION_LEVEL = "-Owholemodule";
				TARGETED_DEVICE_FAMILY = "1,2";
				VALIDATE_PRODUCT = YES;
			};
			name = Release;
		};
		D0A8647B1E42C856002E8E3D /* Debug */ = {
			isa = XCBuildConfiguration;
			buildSettings = {
				ASSETCATALOG_COMPILER_APPICON_NAME = AppIcon;
				DEVELOPMENT_TEAM = XCR8FCM98L;
				INFOPLIST_FILE = Taboo/Info.plist;
				LD_RUNPATH_SEARCH_PATHS = "$(inherited) @executable_path/Frameworks";
				PRODUCT_BUNDLE_IDENTIFIER = com.plg.Taboo;
				PRODUCT_NAME = "$(TARGET_NAME)";
				SWIFT_VERSION = 3.0;
			};
			name = Debug;
		};
		D0A8647C1E42C856002E8E3D /* Release */ = {
			isa = XCBuildConfiguration;
			buildSettings = {
				ASSETCATALOG_COMPILER_APPICON_NAME = AppIcon;
				DEVELOPMENT_TEAM = XCR8FCM98L;
				INFOPLIST_FILE = Taboo/Info.plist;
				LD_RUNPATH_SEARCH_PATHS = "$(inherited) @executable_path/Frameworks";
				PRODUCT_BUNDLE_IDENTIFIER = com.plg.Taboo;
				PRODUCT_NAME = "$(TARGET_NAME)";
				SWIFT_VERSION = 3.0;
			};
			name = Release;
		};
		D0A8647E1E42C856002E8E3D /* Debug */ = {
			isa = XCBuildConfiguration;
			buildSettings = {
				ALWAYS_EMBED_SWIFT_STANDARD_LIBRARIES = YES;
				BUNDLE_LOADER = "$(TEST_HOST)";
				DEVELOPMENT_TEAM = XCR8FCM98L;
				INFOPLIST_FILE = TabooTests/Info.plist;
				LD_RUNPATH_SEARCH_PATHS = "$(inherited) @executable_path/Frameworks @loader_path/Frameworks";
				PRODUCT_BUNDLE_IDENTIFIER = com.plg.TabooTests;
				PRODUCT_NAME = "$(TARGET_NAME)";
				SWIFT_VERSION = 3.0;
				TEST_HOST = "$(BUILT_PRODUCTS_DIR)/Taboo.app/Taboo";
			};
			name = Debug;
		};
		D0A8647F1E42C856002E8E3D /* Release */ = {
			isa = XCBuildConfiguration;
			buildSettings = {
				ALWAYS_EMBED_SWIFT_STANDARD_LIBRARIES = YES;
				BUNDLE_LOADER = "$(TEST_HOST)";
				DEVELOPMENT_TEAM = XCR8FCM98L;
				INFOPLIST_FILE = TabooTests/Info.plist;
				LD_RUNPATH_SEARCH_PATHS = "$(inherited) @executable_path/Frameworks @loader_path/Frameworks";
				PRODUCT_BUNDLE_IDENTIFIER = com.plg.TabooTests;
				PRODUCT_NAME = "$(TARGET_NAME)";
				SWIFT_VERSION = 3.0;
				TEST_HOST = "$(BUILT_PRODUCTS_DIR)/Taboo.app/Taboo";
			};
			name = Release;
		};
		D0A864811E42C856002E8E3D /* Debug */ = {
			isa = XCBuildConfiguration;
			buildSettings = {
				ALWAYS_EMBED_SWIFT_STANDARD_LIBRARIES = YES;
				DEVELOPMENT_TEAM = XCR8FCM98L;
				INFOPLIST_FILE = TabooUITests/Info.plist;
				LD_RUNPATH_SEARCH_PATHS = "$(inherited) @executable_path/Frameworks @loader_path/Frameworks";
				PRODUCT_BUNDLE_IDENTIFIER = com.plg.TabooUITests;
				PRODUCT_NAME = "$(TARGET_NAME)";
				SWIFT_VERSION = 3.0;
				TEST_TARGET_NAME = Taboo;
			};
			name = Debug;
		};
		D0A864821E42C856002E8E3D /* Release */ = {
			isa = XCBuildConfiguration;
			buildSettings = {
				ALWAYS_EMBED_SWIFT_STANDARD_LIBRARIES = YES;
				DEVELOPMENT_TEAM = XCR8FCM98L;
				INFOPLIST_FILE = TabooUITests/Info.plist;
				LD_RUNPATH_SEARCH_PATHS = "$(inherited) @executable_path/Frameworks @loader_path/Frameworks";
				PRODUCT_BUNDLE_IDENTIFIER = com.plg.TabooUITests;
				PRODUCT_NAME = "$(TARGET_NAME)";
				SWIFT_VERSION = 3.0;
				TEST_TARGET_NAME = Taboo;
			};
			name = Release;
		};
/* End XCBuildConfiguration section */

/* Begin XCConfigurationList section */
		D0A8644D1E42C856002E8E3D /* Build configuration list for PBXProject "Taboo" */ = {
			isa = XCConfigurationList;
			buildConfigurations = (
				D0A864781E42C856002E8E3D /* Debug */,
				D0A864791E42C856002E8E3D /* Release */,
			);
			defaultConfigurationIsVisible = 0;
			defaultConfigurationName = Release;
		};
		D0A8647A1E42C856002E8E3D /* Build configuration list for PBXNativeTarget "Taboo" */ = {
			isa = XCConfigurationList;
			buildConfigurations = (
				D0A8647B1E42C856002E8E3D /* Debug */,
				D0A8647C1E42C856002E8E3D /* Release */,
			);
			defaultConfigurationIsVisible = 0;
		};
		D0A8647D1E42C856002E8E3D /* Build configuration list for PBXNativeTarget "TabooTests" */ = {
			isa = XCConfigurationList;
			buildConfigurations = (
				D0A8647E1E42C856002E8E3D /* Debug */,
				D0A8647F1E42C856002E8E3D /* Release */,
			);
			defaultConfigurationIsVisible = 0;
		};
		D0A864801E42C856002E8E3D /* Build configuration list for PBXNativeTarget "TabooUITests" */ = {
			isa = XCConfigurationList;
			buildConfigurations = (
				D0A864811E42C856002E8E3D /* Debug */,
				D0A864821E42C856002E8E3D /* Release */,
			);
			defaultConfigurationIsVisible = 0;
		};
/* End XCConfigurationList section */
	};
	rootObject = D0A8644A1E42C856002E8E3D /* Project object */;
}
